
Microsoft Visual Studio Solution File, Format Version 12.00
# Visual Studio Version 17
VisualStudioVersion = 17.5.2.0
MinimumVisualStudioVersion = 10.0.40219.1
Project("{FAE04EC0-301F-11D3-BF4B-00C04F79EFBC}") = "minimal-api", "Api/minimal-api.csproj", "{4DA376C4-2915-E111-8109-D5D194E3BCD9}"
EndProject
Project("{FAE04EC0-301F-11D3-BF4B-00C04F79EFBC}") = "Test", "Test\Test.csproj", "{9C02C7A2-F922-448B-ACDB-26C72C37BEA5}"
EndProject
Project("{FAE04EC0-301F-11D3-BF4B-00C04F79EFBC}") = "EndpointsTestXUnit", "EndpointsTestXUnit\EndpointsTestXUnit.csproj", "{D9B8BACD-A588-4215-B5C9-671DB407A16A}"
EndProject
Global
	GlobalSection(SolutionConfigurationPlatforms) = preSolution
		Debug|Any CPU = Debug|Any CPU
		Debug|x64 = Debug|x64
		Debug|x86 = Debug|x86
		Release|Any CPU = Release|Any CPU
		Release|x64 = Release|x64
		Release|x86 = Release|x86
	EndGlobalSection
	GlobalSection(ProjectConfigurationPlatforms) = postSolution
		{4DA376C4-2915-E111-8109-D5D194E3BCD9}.Debug|Any CPU.ActiveCfg = Debug|Any CPU
		{4DA376C4-2915-E111-8109-D5D194E3BCD9}.Debug|Any CPU.Build.0 = Debug|Any CPU
		{4DA376C4-2915-E111-8109-D5D194E3BCD9}.Debug|x64.ActiveCfg = Debug|Any CPU
		{4DA376C4-2915-E111-8109-D5D194E3BCD9}.Debug|x64.Build.0 = Debug|Any CPU
		{4DA376C4-2915-E111-8109-D5D194E3BCD9}.Debug|x86.ActiveCfg = Debug|Any CPU
		{4DA376C4-2915-E111-8109-D5D194E3BCD9}.Debug|x86.Build.0 = Debug|Any CPU
		{4DA376C4-2915-E111-8109-D5D194E3BCD9}.Release|Any CPU.ActiveCfg = Release|Any CPU
		{4DA376C4-2915-E111-8109-D5D194E3BCD9}.Release|Any CPU.Build.0 = Release|Any CPU
		{4DA376C4-2915-E111-8109-D5D194E3BCD9}.Release|x64.ActiveCfg = Release|Any CPU
		{4DA376C4-2915-E111-8109-D5D194E3BCD9}.Release|x64.Build.0 = Release|Any CPU
		{4DA376C4-2915-E111-8109-D5D194E3BCD9}.Release|x86.ActiveCfg = Release|Any CPU
		{4DA376C4-2915-E111-8109-D5D194E3BCD9}.Release|x86.Build.0 = Release|Any CPU
		{9C02C7A2-F922-448B-ACDB-26C72C37BEA5}.Debug|Any CPU.ActiveCfg = Debug|Any CPU
		{9C02C7A2-F922-448B-ACDB-26C72C37BEA5}.Debug|Any CPU.Build.0 = Debug|Any CPU
		{9C02C7A2-F922-448B-ACDB-26C72C37BEA5}.Debug|x64.ActiveCfg = Debug|Any CPU
		{9C02C7A2-F922-448B-ACDB-26C72C37BEA5}.Debug|x64.Build.0 = Debug|Any CPU
		{9C02C7A2-F922-448B-ACDB-26C72C37BEA5}.Debug|x86.ActiveCfg = Debug|Any CPU
		{9C02C7A2-F922-448B-ACDB-26C72C37BEA5}.Debug|x86.Build.0 = Debug|Any CPU
		{9C02C7A2-F922-448B-ACDB-26C72C37BEA5}.Release|Any CPU.ActiveCfg = Release|Any CPU
		{9C02C7A2-F922-448B-ACDB-26C72C37BEA5}.Release|Any CPU.Build.0 = Release|Any CPU
		{9C02C7A2-F922-448B-ACDB-26C72C37BEA5}.Release|x64.ActiveCfg = Release|Any CPU
		{9C02C7A2-F922-448B-ACDB-26C72C37BEA5}.Release|x64.Build.0 = Release|Any CPU
		{9C02C7A2-F922-448B-ACDB-26C72C37BEA5}.Release|x86.ActiveCfg = Release|Any CPU
		{9C02C7A2-F922-448B-ACDB-26C72C37BEA5}.Release|x86.Build.0 = Release|Any CPU
		{D9B8BACD-A588-4215-B5C9-671DB407A16A}.Debug|Any CPU.ActiveCfg = Debug|Any CPU
		{D9B8BACD-A588-4215-B5C9-671DB407A16A}.Debug|Any CPU.Build.0 = Debug|Any CPU
		{D9B8BACD-A588-4215-B5C9-671DB407A16A}.Debug|x64.ActiveCfg = Debug|Any CPU
		{D9B8BACD-A588-4215-B5C9-671DB407A16A}.Debug|x64.Build.0 = Debug|Any CPU
		{D9B8BACD-A588-4215-B5C9-671DB407A16A}.Debug|x86.ActiveCfg = Debug|Any CPU
		{D9B8BACD-A588-4215-B5C9-671DB407A16A}.Debug|x86.Build.0 = Debug|Any CPU
		{D9B8BACD-A588-4215-B5C9-671DB407A16A}.Release|Any CPU.ActiveCfg = Release|Any CPU
		{D9B8BACD-A588-4215-B5C9-671DB407A16A}.Release|Any CPU.Build.0 = Release|Any CPU
		{D9B8BACD-A588-4215-B5C9-671DB407A16A}.Release|x64.ActiveCfg = Release|Any CPU
		{D9B8BACD-A588-4215-B5C9-671DB407A16A}.Release|x64.Build.0 = Release|Any CPU
		{D9B8BACD-A588-4215-B5C9-671DB407A16A}.Release|x86.ActiveCfg = Release|Any CPU
		{D9B8BACD-A588-4215-B5C9-671DB407A16A}.Release|x86.Build.0 = Release|Any CPU
	EndGlobalSection
	GlobalSection(SolutionProperties) = preSolution
		HideSolutionNode = FALSE
	EndGlobalSection
	GlobalSection(ExtensibilityGlobals) = postSolution
		SolutionGuid = {FF48E90C-A2F7-408E-A0B7-C498BB4F72C3}
	EndGlobalSection
EndGlobal
